{
  "name": "DBP",
  "lockfileVersion": 3,
  "requires": true,
  "packages": {
    "": {
      "dependencies": {
        "tabulator-tables": "^6.3.0"
      }
    },
    "node_modules/tabulator-tables": {
      "version": "6.3.0",
      "resolved": "https://registry.npmjs.org/tabulator-tables/-/tabulator-tables-6.3.0.tgz",
      "integrity": "sha512-gFiivoa03+NCDJ28Na3UU45nJT7sFXBsFCBtMqXz5OpsNTWrmL5ZJYA4oZtDFaVfarPqUHNgwm2PhL6DR7CQxg==",
      "license": "MIT"
    }
  }
}
